
Microsoft Visual Studio Solution File, Format Version 12.00
# Visual Studio Version 17
VisualStudioVersion = 17.8.34330.188
MinimumVisualStudioVersion = 10.0.40219.1
Project("{FAE04EC0-301F-11D3-BF4B-00C04F79EFBC}") = "LoginLibProj1", "LoginLibProj1\LoginLibProj1.csproj", "{189E6076-8029-497D-976C-DBAABA0B4E31}"
EndProject
Project("{FAE04EC0-301F-11D3-BF4B-00C04F79EFBC}") = "SpecFlowLoginProj1", "SpecFlowLoginProj1\SpecFlowLoginProj1.csproj", "{70E6474D-E88C-4AFC-9B5F-7D88D6B69935}"
EndProject
Global
	GlobalSection(SolutionConfigurationPlatforms) = preSolution
		Debug|Any CPU = Debug|Any CPU
		Release|Any CPU = Release|Any CPU
	EndGlobalSection
	GlobalSection(ProjectConfigurationPlatforms) = postSolution
		{189E6076-8029-497D-976C-DBAABA0B4E31}.Debug|Any CPU.ActiveCfg = Debug|Any CPU
		{189E6076-8029-497D-976C-DBAABA0B4E31}.Debug|Any CPU.Build.0 = Debug|Any CPU
		{189E6076-8029-497D-976C-DBAABA0B4E31}.Release|Any CPU.ActiveCfg = Release|Any CPU
		{189E6076-8029-497D-976C-DBAABA0B4E31}.Release|Any CPU.Build.0 = Release|Any CPU
		{70E6474D-E88C-4AFC-9B5F-7D88D6B69935}.Debug|Any CPU.ActiveCfg = Debug|Any CPU
		{70E6474D-E88C-4AFC-9B5F-7D88D6B69935}.Debug|Any CPU.Build.0 = Debug|Any CPU
		{70E6474D-E88C-4AFC-9B5F-7D88D6B69935}.Release|Any CPU.ActiveCfg = Release|Any CPU
		{70E6474D-E88C-4AFC-9B5F-7D88D6B69935}.Release|Any CPU.Build.0 = Release|Any CPU
	EndGlobalSection
	GlobalSection(SolutionProperties) = preSolution
		HideSolutionNode = FALSE
	EndGlobalSection
	GlobalSection(ExtensibilityGlobals) = postSolution
		SolutionGuid = {C0AB1D1A-608B-42C8-B992-143EDB79C200}
	EndGlobalSection
EndGlobal
